
Microsoft Visual Studio Solution File, Format Version 12.00
# Visual Studio Version 17
VisualStudioVersion = 17.3.32819.101
MinimumVisualStudioVersion = 10.0.40219.1
Project("{FAE04EC0-301F-11D3-BF4B-00C04F79EFBC}") = "Hashing", "Hashing\Hashing.csproj", "{D8CD0863-F513-46CA-94F0-7FDE7E63C20B}"
EndProject
Global
	GlobalSection(SolutionConfigurationPlatforms) = preSolution
		Debug|Any CPU = Debug|Any CPU
		Release|Any CPU = Release|Any CPU
	EndGlobalSection
	GlobalSection(ProjectConfigurationPlatforms) = postSolution
		{D8CD0863-F513-46CA-94F0-7FDE7E63C20B}.Debug|Any CPU.ActiveCfg = Debug|Any CPU
		{D8CD0863-F513-46CA-94F0-7FDE7E63C20B}.Debug|Any CPU.Build.0 = Debug|Any CPU
		{D8CD0863-F513-46CA-94F0-7FDE7E63C20B}.Release|Any CPU.ActiveCfg = Release|Any CPU
		{D8CD0863-F513-46CA-94F0-7FDE7E63C20B}.Release|Any CPU.Build.0 = Release|Any CPU
	EndGlobalSection
	GlobalSection(SolutionProperties) = preSolution
		HideSolutionNode = FALSE
	EndGlobalSection
	GlobalSection(ExtensibilityGlobals) = postSolution
		SolutionGuid = {EE962194-1AC0-41FB-9DA7-50D49486EFB9}
	EndGlobalSection
EndGlobal
